Microsoft Visual Studio Solution File, Format Version 12.00
# Visual Studio Version 17
VisualStudioVersion = 17.5.2.0
MinimumVisualStudioVersion = 10.0.40219.1
Project("{FAE04EC0-301F-11D3-BF4B-00C04F79EFBC}") = "ECommerceMaui", "ECommerceMaui.csproj", "{744CE31C-57D2-DBD8-66CC-3316481E3D79}"
EndProject
Global
	GlobalSection(SolutionConfigurationPlatforms) = preSolution
		Debug|Any CPU = Debug|Any CPU
		Release|Any CPU = Release|Any CPU
	EndGlobalSection
	GlobalSection(ProjectConfigurationPlatforms) = postSolution
		{744CE31C-57D2-DBD8-66CC-3316481E3D79}.Debug|Any CPU.ActiveCfg = Debug|Any CPU
		{744CE31C-57D2-DBD8-66CC-3316481E3D79}.Debug|Any CPU.Build.0 = Debug|Any CPU
		{744CE31C-57D2-DBD8-66CC-3316481E3D79}.Release|Any CPU.ActiveCfg = Release|Any CPU
		{744CE31C-57D2-DBD8-66CC-3316481E3D79}.Release|Any CPU.Build.0 = Release|Any CPU
	EndGlobalSection
	GlobalSection(SolutionProperties) = preSolution
		HideSolutionNode = FALSE
	EndGlobalSection
	GlobalSection(ExtensibilityGlobals) = postSolution
		SolutionGuid = {7E440DAD-EDCB-4A2A-90B7-FAE3EFCFD299}
	EndGlobalSection
EndGlobal
